Microsoft Visual Studio Solution File, Format Version 12.00
# Visual Studio Version 17
VisualStudioVersion = 17.5.2.0
MinimumVisualStudioVersion = 10.0.40219.1
Project("{FAE04EC0-301F-11D3-BF4B-00C04F79EFBC}") = "Limbo.Test", "Limbo.Test.xUnit\Limbo.Test.xUnit.csproj", "{88189284-B4F0-4824-80BF-9D3D20639D41}"
EndProject
Project("{FAE04EC0-301F-11D3-BF4B-00C04F79EFBC}") = "Limbo.Test.Project.Integration", "Limbo.Test.Project.Integration\Limbo.Test.Project.Integration.csproj", "{CAC1C9C7-B287-4B87-80A6-6DEA5AD189D3}"
EndProject
Project("{FAE04EC0-301F-11D3-BF4B-00C04F79EFBC}") = "Limbo.Test.NUnit", "Limbo.Test.NUnit\Limbo.Test.NUnit.csproj", "{D7F65203-E83B-4557-9773-B239DA546CAB}"
EndProject
Project("{FAE04EC0-301F-11D3-BF4B-00C04F79EFBC}") = "Limbo.Test.Umbraco", "Limbo.Test.Umbraco\Limbo.Test.Umbraco.csproj", "{7F98BC7B-0B12-4360-BF94-5F3D8F0344E5}"
EndProject
Global
	GlobalSection(SolutionProperties) = preSolution
		HideSolutionNode = FALSE
	EndGlobalSection
	GlobalSection(ExtensibilityGlobals) = postSolution
		SolutionGuid = {A8BE52A7-47ED-4DE4-AC01-D27F67200C2B}
	EndGlobalSection
	GlobalSection(SolutionConfigurationPlatforms) = preSolution
		Debug|Any CPU = Debug|Any CPU
		Debug|x64 = Debug|x64
		Debug|x86 = Debug|x86
		Release|Any CPU = Release|Any CPU
		Release|x64 = Release|x64
		Release|x86 = Release|x86
	EndGlobalSection
	GlobalSection(ProjectConfigurationPlatforms) = postSolution
		{88189284-B4F0-4824-80BF-9D3D20639D41}.Debug|Any CPU.ActiveCfg = Debug|Any CPU
		{88189284-B4F0-4824-80BF-9D3D20639D41}.Debug|Any CPU.Build.0 = Debug|Any CPU
		{88189284-B4F0-4824-80BF-9D3D20639D41}.Debug|x64.ActiveCfg = Debug|Any CPU
		{88189284-B4F0-4824-80BF-9D3D20639D41}.Debug|x64.Build.0 = Debug|Any CPU
		{88189284-B4F0-4824-80BF-9D3D20639D41}.Debug|x86.ActiveCfg = Debug|Any CPU
		{88189284-B4F0-4824-80BF-9D3D20639D41}.Debug|x86.Build.0 = Debug|Any CPU
		{88189284-B4F0-4824-80BF-9D3D20639D41}.Release|Any CPU.ActiveCfg = Release|Any CPU
		{88189284-B4F0-4824-80BF-9D3D20639D41}.Release|Any CPU.Build.0 = Release|Any CPU
		{88189284-B4F0-4824-80BF-9D3D20639D41}.Release|x64.ActiveCfg = Release|Any CPU
		{88189284-B4F0-4824-80BF-9D3D20639D41}.Release|x64.Build.0 = Release|Any CPU
		{88189284-B4F0-4824-80BF-9D3D20639D41}.Release|x86.ActiveCfg = Release|Any CPU
		{88189284-B4F0-4824-80BF-9D3D20639D41}.Release|x86.Build.0 = Release|Any CPU
		{CAC1C9C7-B287-4B87-80A6-6DEA5AD189D3}.Debug|Any CPU.ActiveCfg = Debug|Any CPU
		{CAC1C9C7-B287-4B87-80A6-6DEA5AD189D3}.Debug|Any CPU.Build.0 = Debug|Any CPU
		{CAC1C9C7-B287-4B87-80A6-6DEA5AD189D3}.Debug|x64.ActiveCfg = Debug|Any CPU
		{CAC1C9C7-B287-4B87-80A6-6DEA5AD189D3}.Debug|x64.Build.0 = Debug|Any CPU
		{CAC1C9C7-B287-4B87-80A6-6DEA5AD189D3}.Debug|x86.ActiveCfg = Debug|Any CPU
		{CAC1C9C7-B287-4B87-80A6-6DEA5AD189D3}.Debug|x86.Build.0 = Debug|Any CPU
		{CAC1C9C7-B287-4B87-80A6-6DEA5AD189D3}.Release|Any CPU.ActiveCfg = Release|Any CPU
		{CAC1C9C7-B287-4B87-80A6-6DEA5AD189D3}.Release|Any CPU.Build.0 = Release|Any CPU
		{CAC1C9C7-B287-4B87-80A6-6DEA5AD189D3}.Release|x64.ActiveCfg = Release|Any CPU
		{CAC1C9C7-B287-4B87-80A6-6DEA5AD189D3}.Release|x64.Build.0 = Release|Any CPU
		{CAC1C9C7-B287-4B87-80A6-6DEA5AD189D3}.Release|x86.ActiveCfg = Release|Any CPU
		{CAC1C9C7-B287-4B87-80A6-6DEA5AD189D3}.Release|x86.Build.0 = Release|Any CPU
		{D7F65203-E83B-4557-9773-B239DA546CAB}.Debug|Any CPU.ActiveCfg = Debug|Any CPU
		{D7F65203-E83B-4557-9773-B239DA546CAB}.Debug|Any CPU.Build.0 = Debug|Any CPU
		{D7F65203-E83B-4557-9773-B239DA546CAB}.Debug|x64.ActiveCfg = Debug|Any CPU
		{D7F65203-E83B-4557-9773-B239DA546CAB}.Debug|x64.Build.0 = Debug|Any CPU
		{D7F65203-E83B-4557-9773-B239DA546CAB}.Debug|x86.ActiveCfg = Debug|Any CPU
		{D7F65203-E83B-4557-9773-B239DA546CAB}.Debug|x86.Build.0 = Debug|Any CPU
		{D7F65203-E83B-4557-9773-B239DA546CAB}.Release|Any CPU.ActiveCfg = Release|Any CPU
		{D7F65203-E83B-4557-9773-B239DA546CAB}.Release|Any CPU.Build.0 = Release|Any CPU
		{D7F65203-E83B-4557-9773-B239DA546CAB}.Release|x64.ActiveCfg = Release|Any CPU
		{D7F65203-E83B-4557-9773-B239DA546CAB}.Release|x64.Build.0 = Release|Any CPU
		{D7F65203-E83B-4557-9773-B239DA546CAB}.Release|x86.ActiveCfg = Release|Any CPU
		{D7F65203-E83B-4557-9773-B239DA546CAB}.Release|x86.Build.0 = Release|Any CPU
		{7F98BC7B-0B12-4360-BF94-5F3D8F0344E5}.Debug|Any CPU.ActiveCfg = Debug|Any CPU
		{7F98BC7B-0B12-4360-BF94-5F3D8F0344E5}.Debug|Any CPU.Build.0 = Debug|Any CPU
		{7F98BC7B-0B12-4360-BF94-5F3D8F0344E5}.Debug|x64.ActiveCfg = Debug|Any CPU
		{7F98BC7B-0B12-4360-BF94-5F3D8F0344E5}.Debug|x64.Build.0 = Debug|Any CPU
		{7F98BC7B-0B12-4360-BF94-5F3D8F0344E5}.Debug|x86.ActiveCfg = Debug|Any CPU
		{7F98BC7B-0B12-4360-BF94-5F3D8F0344E5}.Debug|x86.Build.0 = Debug|Any CPU
		{7F98BC7B-0B12-4360-BF94-5F3D8F0344E5}.Release|Any CPU.ActiveCfg = Release|Any CPU
		{7F98BC7B-0B12-4360-BF94-5F3D8F0344E5}.Release|Any CPU.Build.0 = Release|Any CPU
		{7F98BC7B-0B12-4360-BF94-5F3D8F0344E5}.Release|x64.ActiveCfg = Release|Any CPU
		{7F98BC7B-0B12-4360-BF94-5F3D8F0344E5}.Release|x64.Build.0 = Release|Any CPU
		{7F98BC7B-0B12-4360-BF94-5F3D8F0344E5}.Release|x86.ActiveCfg = Release|Any CPU
		{7F98BC7B-0B12-4360-BF94-5F3D8F0344E5}.Release|x86.Build.0 = Release|Any CPU
	EndGlobalSection
EndGlobal
